// !$*UTF8*$!
{
	archiveVersion = 1;
	classes = {
	};
	objectVersion = 46;
	objects = {

/* Begin PBXBuildFile section */
		F61FF48A1E99FB4D00DFC628 /* AppDelegate.swift in Sources */ = {isa = PBXBuildFile; fileRef = F61FF4891E99FB4D00DFC628 /* AppDelegate.swift */; };
		F61FF48C1E99FB4D00DFC628 /* ViewController.swift in Sources */ = {isa = PBXBuildFile; fileRef = F61FF48B1E99FB4D00DFC628 /* ViewController.swift */; };
		F61FF48F1E99FB4D00DFC628 /* Main.storyboard in Resources */ = {isa = PBXBuildFile; fileRef = F61FF48D1E99FB4D00DFC628 /* Main.storyboard */; };
		F61FF4911E99FB4D00DFC628 /* Assets.xcassets in Resources */ = {isa = PBXBuildFile; fileRef = F61FF4901E99FB4D00DFC628 /* Assets.xcassets */; };
		F61FF4941E99FB4D00DFC628 /* LaunchScreen.storyboard in Resources */ = {isa = PBXBuildFile; fileRef = F61FF4921E99FB4D00DFC628 /* LaunchScreen.storyboard */; };
		F61FF49F1E99FB4D00DFC628 /* GiaiPhuongTrinhBac2_Nhom5_iOSTests.swift in Sources */ = {isa = PBXBuildFile; fileRef = F61FF49E1E99FB4D00DFC628 /* GiaiPhuongTrinhBac2_Nhom5_iOSTests.swift */; };
		F61FF4AA1E99FB4D00DFC628 /* GiaiPhuongTrinhBac2_Nhom5_iOSUITests.swift in Sources */ = {isa = PBXBuildFile; fileRef = F61FF4A91E99FB4D00DFC628 /* GiaiPhuongTrinhBac2_Nhom5_iOSUITests.swift */; };
/* End PBXBuildFile section */

/* Begin PBXContainerItemProxy section */
		F61FF49B1E99FB4D00DFC628 /* PBXContainerItemProxy */ = {
			isa = PBXContainerItemProxy;
			containerPortal = F61FF47E1E99FB4D00DFC628 /* Project object */;
			proxyType = 1;
			remoteGlobalIDString = F61FF4851E99FB4D00DFC628;
			remoteInfo = GiaiPhuongTrinhBac2_Nhom5_iOS;
		};
		F61FF4A61E99FB4D00DFC628 /* PBXContainerItemProxy */ = {
			isa = PBXContainerItemProxy;
			containerPortal = F61FF47E1E99FB4D00DFC628 /* Project object */;
			proxyType = 1;
			remoteGlobalIDString = F61FF4851E99FB4D00DFC628;
			remoteInfo = GiaiPhuongTrinhBac2_Nhom5_iOS;
		};
/* End PBXContainerItemProxy section */

/* Begin PBXFileReference section */
		F61FF4861E99FB4D00DFC628 /* GiaiPhuongTrinhBac2_Nhom5_iOS.app */ = {isa = PBXFileReference; explicitFileType = wrapper.application; includeInIndex = 0; path = GiaiPhuongTrinhBac2_Nhom5_iOS.app; sourceTree = BUILT_PRODUCTS_DIR; };
		F61FF4891E99FB4D00DFC628 /* AppDelegate.swift */ = {isa = PBXFileReference; lastKnownFileType = sourcecode.swift; path = AppDelegate.swift; sourceTree = "<group>"; };
		F61FF48B1E99FB4D00DFC628 /* ViewController.swift */ = {isa = PBXFileReference; lastKnownFileType = sourcecode.swift; path = ViewController.swift; sourceTree = "<group>"; };
		F61FF48E1E99FB4D00DFC628 /* Base */ = {isa = PBXFileReference; lastKnownFileType = file.storyboard; name = Base; path = Base.lproj/Main.storyboard; sourceTree = "<group>"; };
		F61FF4901E99FB4D00DFC628 /* Assets.xcassets */ = {isa = PBXFileReference; lastKnownFileType = folder.assetcatalog; path = Assets.xcassets; sourceTree = "<group>"; };
		F61FF4931E99FB4D00DFC628 /* Base */ = {isa = PBXFileReference; lastKnownFileType = file.storyboard; name = Base; path = Base.lproj/LaunchScreen.storyboard; sourceTree = "<group>"; };
		F61FF4951E99FB4D00DFC628 /* Info.plist */ = {isa = PBXFileReference; lastKnownFileType = text.plist.xml; path = Info.plist; sourceTree = "<group>"; };
		F61FF49A1E99FB4D00DFC628 /* GiaiPhuongTrinhBac2_Nhom5_iOSTests.xctest */ = {isa = PBXFileReference; explicitFileType = wrapper.cfbundle; includeInIndex = 0; path = GiaiPhuongTrinhBac2_Nhom5_iOSTests.xctest; sourceTree = BUILT_PRODUCTS_DIR; };
		F61FF49E1E99FB4D00DFC628 /* GiaiPhuongTrinhBac2_Nhom5_iOSTests.swift */ = {isa = PBXFileReference; lastKnownFileType = sourcecode.swift; path = GiaiPhuongTrinhBac2_Nhom5_iOSTests.swift; sourceTree = "<group>"; };
		F61FF4A01E99FB4D00DFC628 /* Info.plist */ = {isa = PBXFileReference; lastKnownFileType = text.plist.xml; path = Info.plist; sourceTree = "<group>"; };
		F61FF4A51E99FB4D00DFC628 /* GiaiPhuongTrinhBac2_Nhom5_iOSUITests.xctest */ = {isa = PBXFileReference; explicitFileType = wrapper.cfbundle; includeInIndex = 0; path = GiaiPhuongTrinhBac2_Nhom5_iOSUITests.xctest; sourceTree = BUILT_PRODUCTS_DIR; };
		F61FF4A91E99FB4D00DFC628 /* GiaiPhuongTrinhBac2_Nhom5_iOSUITests.swift */ = {isa = PBXFileReference; lastKnownFileType = sourcecode.swift; path = GiaiPhuongTrinhBac2_Nhom5_iOSUITests.swift; sourceTree = "<group>"; };
		F61FF4AB1E99FB4D00DFC628 /* Info.plist */ = {isa = PBXFileReference; lastKnownFileType = text.plist.xml; path = Info.plist; sourceTree = "<group>"; };
/* End PBXFileReference section */

/* Begin PBXFrameworksBuildPhase section */
		F61FF4831E99FB4D00DFC628 /* Frameworks */ = {
			isa = PBXFrameworksBuildPhase;
			buildActionMask = 2147483647;
			files = (
			);
			runOnlyForDeploymentPostprocessing = 0;
		};
		F61FF4971E99FB4D00DFC628 /* Frameworks */ = {
			isa = PBXFrameworksBuildPhase;
			buildActionMask = 2147483647;
			files = (
			);
			runOnlyForDeploymentPostprocessing = 0;
		};
		F61FF4A21E99FB4D00DFC628 /* Frameworks */ = {
			isa = PBXFrameworksBuildPhase;
			buildActionMask = 2147483647;
			files = (
			);
			runOnlyForDeploymentPostprocessing = 0;
		};
/* End PBXFrameworksBuildPhase section */

/* Begin PBXGroup section */
		F61FF47D1E99FB4D00DFC628 = {
			isa = PBXGroup;
			children = (
				F61FF4881E99FB4D00DFC628 /* GiaiPhuongTrinhBac2_Nhom5_iOS */,
				F61FF49D1E99FB4D00DFC628 /* GiaiPhuongTrinhBac2_Nhom5_iOSTests */,
				F61FF4A81E99FB4D00DFC628 /* GiaiPhuongTrinhBac2_Nhom5_iOSUITests */,
				F61FF4871E99FB4D00DFC628 /* Products */,
			);
			sourceTree = "<group>";
		};
		F61FF4871E99FB4D00DFC628 /* Products */ = {
			isa = PBXGroup;
			children = (
				F61FF4861E99FB4D00DFC628 /* GiaiPhuongTrinhBac2_Nhom5_iOS.app */,
				F61FF49A1E99FB4D00DFC628 /* GiaiPhuongTrinhBac2_Nhom5_iOSTests.xctest */,
				F61FF4A51E99FB4D00DFC628 /* GiaiPhuongTrinhBac2_Nhom5_iOSUITests.xctest */,
			);
			name = Products;
			sourceTree = "<group>";
		};
		F61FF4881E99FB4D00DFC628 /* GiaiPhuongTrinhBac2_Nhom5_iOS */ = {
			isa = PBXGroup;
			children = (
				F61FF4891E99FB4D00DFC628 /* AppDelegate.swift */,
				F61FF48B1E99FB4D00DFC628 /* ViewController.swift */,
				F61FF48D1E99FB4D00DFC628 /* Main.storyboard */,
				F61FF4901E99FB4D00DFC628 /* Assets.xcassets */,
				F61FF4921E99FB4D00DFC628 /* LaunchScreen.storyboard */,
				F61FF4951E99FB4D00DFC628 /* Info.plist */,
			);
			path = GiaiPhuongTrinhBac2_Nhom5_iOS;
			sourceTree = "<group>";
		};
		F61FF49D1E99FB4D00DFC628 /* GiaiPhuongTrinhBac2_Nhom5_iOSTests */ = {
			isa = PBXGroup;
			children = (
				F61FF49E1E99FB4D00DFC628 /* GiaiPhuongTrinhBac2_Nhom5_iOSTests.swift */,
				F61FF4A01E99FB4D00DFC628 /* Info.plist */,
			);
			path = GiaiPhuongTrinhBac2_Nhom5_iOSTests;
			sourceTree = "<group>";
		};
		F61FF4A81E99FB4D00DFC628 /* GiaiPhuongTrinhBac2_Nhom5_iOSUITests */ = {
			isa = PBXGroup;
			children = (
				F61FF4A91E99FB4D00DFC628 /* GiaiPhuongTrinhBac2_Nhom5_iOSUITests.swift */,
				F61FF4AB1E99FB4D00DFC628 /* Info.plist */,
			);
			path = GiaiPhuongTrinhBac2_Nhom5_iOSUITests;
			sourceTree = "<group>";
		};
/* End PBXGroup section */

/* Begin PBXNativeTarget section */
		F61FF4851E99FB4D00DFC628 /* GiaiPhuongTrinhBac2_Nhom5_iOS */ = {
			isa = PBXNativeTarget;
			buildConfigurationList = F61FF4AE1E99FB4D00DFC628 /* Build configuration list for PBXNativeTarget "GiaiPhuongTrinhBac2_Nhom5_iOS" */;
			buildPhases = (
				F61FF4821E99FB4D00DFC628 /* Sources */,
				F61FF4831E99FB4D00DFC628 /* Frameworks */,
				F61FF4841E99FB4D00DFC628 /* Resources */,
			);
			buildRules = (
			);
			dependencies = (
			);
			name = GiaiPhuongTrinhBac2_Nhom5_iOS;
			productName = GiaiPhuongTrinhBac2_Nhom5_iOS;
			productReference = F61FF4861E99FB4D00DFC628 /* GiaiPhuongTrinhBac2_Nhom5_iOS.app */;
			productType = "com.apple.product-type.application";
		};
		F61FF4991E99FB4D00DFC628 /* GiaiPhuongTrinhBac2_Nhom5_iOSTests */ = {
			isa = PBXNativeTarget;
			buildConfigurationList = F61FF4B11E99FB4D00DFC628 /* Build configuration list for PBXNativeTarget "GiaiPhuongTrinhBac2_Nhom5_iOSTests" */;
			buildPhases = (
				F61FF4961E99FB4D00DFC628 /* Sources */,
				F61FF4971E99FB4D00DFC628 /* Frameworks */,
				F61FF4981E99FB4D00DFC628 /* Resources */,
			);
			buildRules = (
			);
			dependencies = (
				F61FF49C1E99FB4D00DFC628 /* PBXTargetDependency */,
			);
			name = GiaiPhuongTrinhBac2_Nhom5_iOSTests;
			productName = GiaiPhuongTrinhBac2_Nhom5_iOSTests;
			productReference = F61FF49A1E99FB4D00DFC628 /* GiaiPhuongTrinhBac2_Nhom5_iOSTests.xctest */;
			productType = "com.apple.product-type.bundle.unit-test";
		};
		F61FF4A41E99FB4D00DFC628 /* GiaiPhuongTrinhBac2_Nhom5_iOSUITests */ = {
			isa = PBXNativeTarget;
			buildConfigurationList = F61FF4B41E99FB4D00DFC628 /* Build configuration list for PBXNativeTarget "GiaiPhuongTrinhBac2_Nhom5_iOSUITests" */;
			buildPhases = (
				F61FF4A11E99FB4D00DFC628 /* Sources */,
				F61FF4A21E99FB4D00DFC628 /* Frameworks */,
				F61FF4A31E99FB4D00DFC628 /* Resources */,
			);
			buildRules = (
			);
			dependencies = (
				F61FF4A71E99FB4D00DFC628 /* PBXTargetDependency */,
			);
			name = GiaiPhuongTrinhBac2_Nhom5_iOSUITests;
			productName = GiaiPhuongTrinhBac2_Nhom5_iOSUITests;
			productReference = F61FF4A51E99FB4D00DFC628 /* GiaiPhuongTrinhBac2_Nhom5_iOSUITests.xctest */;
			productType = "com.apple.product-type.bundle.ui-testing";
		};
/* End PBXNativeTarget section */

/* Begin PBXProject section */
		F61FF47E1E99FB4D00DFC628 /* Project object */ = {
			isa = PBXProject;
			attributes = {
				LastSwiftUpdateCheck = 0830;
				LastUpgradeCheck = 0830;
				ORGANIZATIONNAME = MrDummy;
				TargetAttributes = {
					F61FF4851E99FB4D00DFC628 = {
						CreatedOnToolsVersion = 8.3;
						ProvisioningStyle = Automatic;
					};
					F61FF4991E99FB4D00DFC628 = {
						CreatedOnToolsVersion = 8.3;
						ProvisioningStyle = Automatic;
						TestTargetID = F61FF4851E99FB4D00DFC628;
					};
					F61FF4A41E99FB4D00DFC628 = {
						CreatedOnToolsVersion = 8.3;
						ProvisioningStyle = Automatic;
						TestTargetID = F61FF4851E99FB4D00DFC628;
					};
				};
			};
			buildConfigurationList = F61FF4811E99FB4D00DFC628 /* Build configuration list for PBXProject "GiaiPhuongTrinhBac2_Nhom5_iOS" */;
			compatibilityVersion = "Xcode 3.2";
			developmentRegion = English;
			hasScannedForEncodings = 0;
			knownRegions = (
				en,
				Base,
			);
			mainGroup = F61FF47D1E99FB4D00DFC628;
			productRefGroup = F61FF4871E99FB4D00DFC628 /* Products */;
			projectDirPath = "";
			projectRoot = "";
			targets = (
				F61FF4851E99FB4D00DFC628 /* GiaiPhuongTrinhBac2_Nhom5_iOS */,
				F61FF4991E99FB4D00DFC628 /* GiaiPhuongTrinhBac2_Nhom5_iOSTests */,
				F61FF4A41E99FB4D00DFC628 /* GiaiPhuongTrinhBac2_Nhom5_iOSUITests */,
			);
		};
/* End PBXProject section */

/* Begin PBXResourcesBuildPhase section */
		F61FF4841E99FB4D00DFC628 /* Resources */ = {
			isa = PBXResourcesBuildPhase;
			buildActionMask = 2147483647;
			files = (
				F61FF4941E99FB4D00DFC628 /* LaunchScreen.storyboard in Resources */,
				F61FF4911E99FB4D00DFC628 /* Assets.xcassets in Resources */,
				F61FF48F1E99FB4D00DFC628 /* Main.storyboard in Resources */,
			);
			runOnlyForDeploymentPostprocessing = 0;
		};
		F61FF4981E99FB4D00DFC628 /* Resources */ = {
			isa = PBXResourcesBuildPhase;
			buildActionMask = 2147483647;
			files = (
			);
			runOnlyForDeploymentPostprocessing = 0;
		};
		F61FF4A31E99FB4D00DFC628 /* Resources */ = {
			isa = PBXResourcesBuildPhase;
			buildActionMask = 2147483647;
			files = (
			);
			runOnlyForDeploymentPostprocessing = 0;
		};
/* End PBXResourcesBuildPhase section */

/* Begin PBXSourcesBuildPhase section */
		F61FF4821E99FB4D00DFC628 /* Sources */ = {
			isa = PBXSourcesBuildPhase;
			buildActionMask = 2147483647;
			files = (
				F61FF48C1E99FB4D00DFC628 /* ViewController.swift in Sources */,
				F61FF48A1E99FB4D00DFC628 /* AppDelegate.swift in Sources */,
			);
			runOnlyForDeploymentPostprocessing = 0;
		};
		F61FF4961E99FB4D00DFC628 /* Sources */ = {
			isa = PBXSourcesBuildPhase;
			buildActionMask = 2147483647;
			files = (
				F61FF49F1E99FB4D00DFC628 /* GiaiPhuongTrinhBac2_Nhom5_iOSTests.swift in Sources */,
			);
			runOnlyForDeploymentPostprocessing = 0;
		};
		F61FF4A11E99FB4D00DFC628 /* Sources */ = {
			isa = PBXSourcesBuildPhase;
			buildActionMask = 2147483647;
			files = (
				F61FF4AA1E99FB4D00DFC628 /* GiaiPhuongTrinhBac2_Nhom5_iOSUITests.swift in Sources */,
			);
			runOnlyForDeploymentPostprocessing = 0;
		};
/* End PBXSourcesBuildPhase section */

/* Begin PBXTargetDependency section */
		F61FF49C1E99FB4D00DFC628 /* PBXTargetDependency */ = {
			isa = PBXTargetDependency;
			target = F61FF4851E99FB4D00DFC628 /* GiaiPhuongTrinhBac2_Nhom5_iOS */;
			targetProxy = F61FF49B1E99FB4D00DFC628 /* PBXContainerItemProxy */;
		};
		F61FF4A71E99FB4D00DFC628 /* PBXTargetDependency */ = {
			isa = PBXTargetDependency;
			target = F61FF4851E99FB4D00DFC628 /* GiaiPhuongTrinhBac2_Nhom5_iOS */;
			targetProxy = F61FF4A61E99FB4D00DFC628 /* PBXContainerItemProxy */;
		};
/* End PBXTargetDependency section */

/* Begin PBXVariantGroup section */
		F61FF48D1E99FB4D00DFC628 /* Main.storyboard */ = {
			isa = PBXVariantGroup;
			children = (
				F61FF48E1E99FB4D00DFC628 /* Base */,
			);
			name = Main.storyboard;
			sourceTree = "<group>";
		};
		F61FF4921E99FB4D00DFC628 /* LaunchScreen.storyboard */ = {
			isa = PBXVariantGroup;
			children = (
				F61FF4931E99FB4D00DFC628 /* Base */,
			);
			name = LaunchScreen.storyboard;
			sourceTree = "<group>";
		};
/* End PBXVariantGroup section */

/* Begin XCBuildConfiguration section */
		F61FF4AC1E99FB4D00DFC628 /* Debug */ = {
			isa = XCBuildConfiguration;
			buildSettings = {
				ALWAYS_SEARCH_USER_PATHS = NO;
				CLANG_ANALYZER_NONNULL = YES;
				CLANG_ANALYZER_NUMBER_OBJECT_CONVERSION = YES_AGGRESSIVE;
				CLANG_CXX_LANGUAGE_STANDARD = "gnu++0x";
				CLANG_CXX_LIBRARY = "libc++";
				CLANG_ENABLE_MODULES = YES;
				CLANG_ENABLE_OBJC_ARC = YES;
				CLANG_WARN_BOOL_CONVERSION = YES;
				CLANG_WARN_CONSTANT_CONVERSION = YES;
				CLANG_WARN_DIRECT_OBJC_ISA_USAGE = YES_ERROR;
				CLANG_WARN_DOCUMENTATION_COMMENTS = YES;
				CLANG_WARN_EMPTY_BODY = YES;
				CLANG_WARN_ENUM_CONVERSION = YES;
				CLANG_WARN_INFINITE_RECURSION = YES;
				CLANG_WARN_INT_CONVERSION = YES;
				CLANG_WARN_OBJC_ROOT_CLASS = YES_ERROR;
				CLANG_WARN_SUSPICIOUS_MOVE = YES;
				CLANG_WARN_UNREACHABLE_CODE = YES;
				CLANG_WARN__DUPLICATE_METHOD_MATCH = YES;
				"CODE_SIGN_IDENTITY[sdk=iphoneos*]" = "iPhone Developer";
				COPY_PHASE_STRIP = NO;
				DEBUG_INFORMATION_FORMAT = dwarf;
				ENABLE_STRICT_OBJC_MSGSEND = YES;
				ENABLE_TESTABILITY = YES;
				GCC_C_LANGUAGE_STANDARD = gnu99;
				GCC_DYNAMIC_NO_PIC = NO;
				GCC_NO_COMMON_BLOCKS = YES;
				GCC_OPTIMIZATION_LEVEL = 0;
				GCC_PREPROCESSOR_DEFINITIONS = (
					"DEBUG=1",
					"$(inherited)",
				);
				GCC_WARN_64_TO_32_BIT_CONVERSION = YES;
				GCC_WARN_ABOUT_RETURN_TYPE = YES_ERROR;
				GCC_WARN_UNDECLARED_SELECTOR = YES;
				GCC_WARN_UNINITIALIZED_AUTOS = YES_AGGRESSIVE;
				GCC_WARN_UNUSED_FUNCTION = YES;
				GCC_WARN_UNUSED_VARIABLE = YES;
				IPHONEOS_DEPLOYMENT_TARGET = 10.3;
				MTL_ENABLE_DEBUG_INFO = YES;
				ONLY_ACTIVE_ARCH = YES;
				SDKROOT = iphoneos;
				SWIFT_ACTIVE_COMPILATION_CONDITIONS = DEBUG;
				SWIFT_OPTIMIZATION_LEVEL = "-Onone";
				TARGETED_DEVICE_FAMILY = "1,2";
			};
			name = Debug;
		};
		F61FF4AD1E99FB4D00DFC628 /* Release */ = {
			isa = XCBuildConfiguration;
			buildSettings = {
				ALWAYS_SEARCH_USER_PATHS = NO;
				CLANG_ANALYZER_NONNULL = YES;
				CLANG_ANALYZER_NUMBER_OBJECT_CONVERSION = YES_AGGRESSIVE;
				CLANG_CXX_LANGUAGE_STANDARD = "gnu++0x";
				CLANG_CXX_LIBRARY = "libc++";
				CLANG_ENABLE_MODULES = YES;
				CLANG_ENABLE_OBJC_ARC = YES;
				CLANG_WARN_BOOL_CONVERSION = YES;
				CLANG_WARN_CONSTANT_CONVERSION = YES;
				CLANG_WARN_DIRECT_OBJC_ISA_USAGE = YES_ERROR;
				CLANG_WARN_DOCUMENTATION_COMMENTS = YES;
				CLANG_WARN_EMPTY_BODY = YES;
				CLANG_WARN_ENUM_CONVERSION = YES;
				CLANG_WARN_INFINITE_RECURSION = YES;
				CLANG_WARN_INT_CONVERSION = YES;
				CLANG_WARN_OBJC_ROOT_CLASS = YES_ERROR;
				CLANG_WARN_SUSPICIOUS_MOVE = YES;
				CLANG_WARN_UNREACHABLE_CODE = YES;
				CLANG_WARN__DUPLICATE_METHOD_MATCH = YES;
				"CODE_SIGN_IDENTITY[sdk=iphoneos*]" = "iPhone Developer";
				COPY_PHASE_STRIP = NO;
				DEBUG_INFORMATION_FORMAT = "dwarf-with-dsym";
				ENABLE_NS_ASSERTIONS = NO;
				ENABLE_STRICT_OBJC_MSGSEND = YES;
				GCC_C_LANGUAGE_STANDARD = gnu99;
				GCC_NO_COMMON_BLOCKS = YES;
				GCC_WARN_64_TO_32_BIT_CONVERSION = YES;
				GCC_WARN_ABOUT_RETURN_TYPE = YES_ERROR;
				GCC_WARN_UNDECLARED_SELECTOR = YES;
				GCC_WARN_UNINITIALIZED_AUTOS = YES_AGGRESSIVE;
				GCC_WARN_UNUSED_FUNCTION = YES;
				GCC_WARN_UNUSED_VARIABLE = YES;
				IPHONEOS_DEPLOYMENT_TARGET = 10.3;
				MTL_ENABLE_DEBUG_INFO = NO;
				SDKROOT = iphoneos;
				SWIFT_OPTIMIZATION_LEVEL = "-Owholemodule";
				TARGETED_DEVICE_FAMILY = "1,2";
				VALIDATE_PRODUCT = YES;
			};
			name = Release;
		};
		F61FF4AF1E99FB4D00DFC628 /* Debug */ = {
			isa = XCBuildConfiguration;
			buildSettings = {
				ASSETCATALOG_COMPILER_APPICON_NAME = AppIcon;
				INFOPLIST_FILE = GiaiPhuongTrinhBac2_Nhom5_iOS/Info.plist;
				LD_RUNPATH_SEARCH_PATHS = "$(inherited) @executable_path/Frameworks";
				PRODUCT_BUNDLE_IDENTIFIER = "Huy.GiaiPhuongTrinhBac2-Nhom5-iOS";
				PRODUCT_NAME = "$(TARGET_NAME)";
				SWIFT_VERSION = 3.0;
			};
			name = Debug;
		};
		F61FF4B01E99FB4D00DFC628 /* Release */ = {
			isa = XCBuildConfiguration;
			buildSettings = {
				ASSETCATALOG_COMPILER_APPICON_NAME = AppIcon;
				INFOPLIST_FILE = GiaiPhuongTrinhBac2_Nhom5_iOS/Info.plist;
				LD_RUNPATH_SEARCH_PATHS = "$(inherited) @executable_path/Frameworks";
				PRODUCT_BUNDLE_IDENTIFIER = "Huy.GiaiPhuongTrinhBac2-Nhom5-iOS";
				PRODUCT_NAME = "$(TARGET_NAME)";
				SWIFT_VERSION = 3.0;
			};
			name = Release;
		};
		F61FF4B21E99FB4D00DFC628 /* Debug */ = {
			isa = XCBuildConfiguration;
			buildSettings = {
				ALWAYS_EMBED_SWIFT_STANDARD_LIBRARIES = YES;
				BUNDLE_LOADER = "$(TEST_HOST)";
				INFOPLIST_FILE = GiaiPhuongTrinhBac2_Nhom5_iOSTests/Info.plist;
				LD_RUNPATH_SEARCH_PATHS = "$(inherited) @executable_path/Frameworks @loader_path/Frameworks";
				PRODUCT_BUNDLE_IDENTIFIER = "Huy.GiaiPhuongTrinhBac2-Nhom5-iOSTests";
				PRODUCT_NAME = "$(TARGET_NAME)";
				SWIFT_VERSION = 3.0;
				TEST_HOST = "$(BUILT_PRODUCTS_DIR)/GiaiPhuongTrinhBac2_Nhom5_iOS.app/GiaiPhuongTrinhBac2_Nhom5_iOS";
			};
			name = Debug;
		};
		F61FF4B31E99FB4D00DFC628 /* Release */ = {
			isa = XCBuildConfiguration;
			buildSettings = {
				ALWAYS_EMBED_SWIFT_STANDARD_LIBRARIES = YES;
				BUNDLE_LOADER = "$(TEST_HOST)";
				INFOPLIST_FILE = GiaiPhuongTrinhBac2_Nhom5_iOSTests/Info.plist;
				LD_RUNPATH_SEARCH_PATHS = "$(inherited) @executable_path/Frameworks @loader_path/Frameworks";
				PRODUCT_BUNDLE_IDENTIFIER = "Huy.GiaiPhuongTrinhBac2-Nhom5-iOSTests";
				PRODUCT_NAME = "$(TARGET_NAME)";
				SWIFT_VERSION = 3.0;
				TEST_HOST = "$(BUILT_PRODUCTS_DIR)/GiaiPhuongTrinhBac2_Nhom5_iOS.app/GiaiPhuongTrinhBac2_Nhom5_iOS";
			};
			name = Release;
		};
		F61FF4B51E99FB4D00DFC628 /* Debug */ = {
			isa = XCBuildConfiguration;
			buildSettings = {
				ALWAYS_EMBED_SWIFT_STANDARD_LIBRARIES = YES;
				INFOPLIST_FILE = GiaiPhuongTrinhBac2_Nhom5_iOSUITests/Info.plist;
				LD_RUNPATH_SEARCH_PATHS = "$(inherited) @executable_path/Frameworks @loader_path/Frameworks";
				PRODUCT_BUNDLE_IDENTIFIER = "Huy.GiaiPhuongTrinhBac2-Nhom5-iOSUITests";
				PRODUCT_NAME = "$(TARGET_NAME)";
				SWIFT_VERSION = 3.0;
				TEST_TARGET_NAME = GiaiPhuongTrinhBac2_Nhom5_iOS;
			};
			name = Debug;
		};
		F61FF4B61E99FB4D00DFC628 /* Release */ = {
			isa = XCBuildConfiguration;
			buildSettings = {
				ALWAYS_EMBED_SWIFT_STANDARD_LIBRARIES = YES;
				INFOPLIST_FILE = GiaiPhuongTrinhBac2_Nhom5_iOSUITests/Info.plist;
				LD_RUNPATH_SEARCH_PATHS = "$(inherited) @executable_path/Frameworks @loader_path/Frameworks";
				PRODUCT_BUNDLE_IDENTIFIER = "Huy.GiaiPhuongTrinhBac2-Nhom5-iOSUITests";
				PRODUCT_NAME = "$(TARGET_NAME)";
				SWIFT_VERSION = 3.0;
				TEST_TARGET_NAME = GiaiPhuongTrinhBac2_Nhom5_iOS;
			};
			name = Release;
		};
/* End XCBuildConfiguration section */

/* Begin XCConfigurationList section */
		F61FF4811E99FB4D00DFC628 /* Build configuration list for PBXProject "GiaiPhuongTrinhBac2_Nhom5_iOS" */ = {
			isa = XCConfigurationList;
			buildConfigurations = (
				F61FF4AC1E99FB4D00DFC628 /* Debug */,
				F61FF4AD1E99FB4D00DFC628 /* Release */,
			);
			defaultConfigurationIsVisible = 0;
			defaultConfigurationName = Release;
		};
		F61FF4AE1E99FB4D00DFC628 /* Build configuration list for PBXNativeTarget "GiaiPhuongTrinhBac2_Nhom5_iOS" */ = {
			isa = XCConfigurationList;
			buildConfigurations = (
				F61FF4AF1E99FB4D00DFC628 /* Debug */,
				F61FF4B01E99FB4D00DFC628 /* Release */,
			);
			defaultConfigurationIsVisible = 0;
		};
		F61FF4B11E99FB4D00DFC628 /* Build configuration list for PBXNativeTarget "GiaiPhuongTrinhBac2_Nhom5_iOSTests" */ = {
			isa = XCConfigurationList;
			buildConfigurations = (
				F61FF4B21E99FB4D00DFC628 /* Debug */,
				F61FF4B31E99FB4D00DFC628 /* Release */,
			);
			defaultConfigurationIsVisible = 0;
		};
		F61FF4B41E99FB4D00DFC628 /* Build configuration list for PBXNativeTarget "GiaiPhuongTrinhBac2_Nhom5_iOSUITests" */ = {
			isa = XCConfigurationList;
			buildConfigurations = (
				F61FF4B51E99FB4D00DFC628 /* Debug */,
				F61FF4B61E99FB4D00DFC628 /* Release */,
			);
			defaultConfigurationIsVisible = 0;
		};
/* End XCConfigurationList section */
	};
	rootObject = F61FF47E1E99FB4D00DFC628 /* Project object */;
}
